# This file is autogenerated, do not edit; changes may be undone by the next 'dep ensure'.


[[projects]]
  name = "github.com/fsnotify/fsnotify"
  packages = ["."]
  revision = "fd9ec7deca8bf46ecd2a795baaacf2b3a9be1197"

[[projects]]
  name = "github.com/hashicorp/hcl"
  packages = [".","hcl/ast","hcl/parser","hcl/scanner","hcl/strconv","hcl/token","json/parser","json/scanner","json/token"]
  revision = "7cb7455c285ca3bf3362aa4ba6a06a6d6f5c3ba0"

[[projects]]
  name = "github.com/inconshreveable/mousetrap"
  packages = ["."]
  revision = "76626ae9c91c4f2a10f34cad8ce83ea42c93bb75"
  version = "v1.0"

[[projects]]
  name = "github.com/magiconair/properties"
  packages = ["."]
  revision = "9c47895dc1ce54302908ab8a43385d1f5df2c11c"

[[projects]]
  name = "github.com/mitchellh/mapstructure"
  packages = ["."]
  revision = "f3009df150dadf309fdee4a54ed65c124afad715"

[[projects]]
  name = "github.com/pelletier/go-buffruneio"
  packages = ["."]
  revision = "df1e16fde7fc330a0ca68167c23bf7ed6ac31d6d"
  version = "v0.1.0"

[[projects]]
  name = "github.com/pelletier/go-toml"
  packages = ["."]
  revision = "7cb988051d5045890cb91402a0b5fddc76c627bc"

[[projects]]
  name = "github.com/pkg/errors"
  packages = ["."]
  revision = "645ef00459ed84a119197bfb8d8205042c6df63d"
  version = "v0.8.0"

[[projects]]
  name = "github.com/spf13/afero"
  packages = [".","mem"]
  revision = "06b7e5f50606ecd49148a01a6008942d9b669217"

[[projects]]
  name = "github.com/spf13/cast"
  packages = ["."]
  revision = "24b6558033ffe202bf42f0f3b870dcc798dd2ba8"

[[projects]]
  name = "github.com/spf13/cobra"
  packages = ["."]
  revision = "6e91dded25d73176bf7f60b40dd7aa1f0bf9be8d"

[[projects]]
  name = "github.com/spf13/jwalterweatherman"
  packages = ["."]
  revision = "33c24e77fb80341fe7130ee7c594256ff08ccc46"

[[projects]]
  name = "github.com/spf13/pflag"
  packages = ["."]
  revision = "5ccb023bc27df288a957c5e994cd44fd19619465"

[[projects]]
  name = "github.com/spf13/viper"
  packages = ["."]
  revision = "651d9d916abc3c3d6a91a12549495caba5edffd2"

[[projects]]
  name = "golang.org/x/sys"
  packages = ["unix"]
  revision = "d5645953809d8b4752afb2c3224b1f1ad73dfa70"

[[projects]]
  name = "golang.org/x/text"
  packages = ["internal/gen","internal/triegen","internal/ucd","transform","unicode/cldr","unicode/norm"]
  revision = "4ea6c073aae78d08c7e95e95aa7f55b888287d6f"

[[projects]]
  name = "gopkg.in/yaml.v2"
  packages = ["."]
  revision = "a5b47d31c556af34a302ce5d659e6fea44d90de0"

[solve-meta]
  analyzer-name = "dep"
  analyzer-version = 1
  inputs-digest = "21ba070fbb5fe994ab5dc50f0431c1a9346fa878a06b43f3c924757bd8e9a1cf"
  solver-name = "gps-cdcl"
  solver-version = 1
